
Microsoft Visual Studio Solution File, Format Version 12.00
# Visual Studio 14
VisualStudioVersion = 14.0.24720.0
MinimumVisualStudioVersion = 10.0.40219.1
Project("{FAE04EC0-301F-11D3-BF4B-00C04F79EFBC}") = "C_CreatingControl", "C_CreatingControl\C_CreatingControl.csproj", "{5473607F-6E75-4FD4-8871-2657D25F0D58}"
EndProject
Global
	GlobalSection(SolutionConfigurationPlatforms) = preSolution
		Debug|Any CPU = Debug|Any CPU
		Release|Any CPU = Release|Any CPU
	EndGlobalSection
	GlobalSection(ProjectConfigurationPlatforms) = postSolution
		{5473607F-6E75-4FD4-8871-2657D25F0D58}.Debug|Any CPU.ActiveCfg = Debug|Any CPU
		{5473607F-6E75-4FD4-8871-2657D25F0D58}.Debug|Any CPU.Build.0 = Debug|Any CPU
		{5473607F-6E75-4FD4-8871-2657D25F0D58}.Release|Any CPU.ActiveCfg = Release|Any CPU
		{5473607F-6E75-4FD4-8871-2657D25F0D58}.Release|Any CPU.Build.0 = Release|Any CPU
	EndGlobalSection
	GlobalSection(SolutionProperties) = preSolution
		HideSolutionNode = FALSE
	EndGlobalSection
EndGlobal
